
Microsoft Visual Studio Solution File, Format Version 12.00
# Visual Studio Version 17
VisualStudioVersion = 17.3.32819.101
MinimumVisualStudioVersion = 10.0.40219.1
Project("{9A19103F-16F7-4668-BE54-9A1E7A4F7556}") = "ThreadConsole", "ThreadConsole\ThreadConsole.csproj", "{DB2E5A90-3C10-4296-8ADA-009C40FACD12}"
EndProject
Project("{9A19103F-16F7-4668-BE54-9A1E7A4F7556}") = "TaskConsole", "TaskConsole\TaskConsole.csproj", "{BF74CC69-1107-48ED-A9F5-29BE257655C0}"
EndProject
Project("{9A19103F-16F7-4668-BE54-9A1E7A4F7556}") = "WinFormsTask", "WinFormsTask\WinFormsTask.csproj", "{E810E35E-707E-465C-A87F-FC5EC6D4E991}"
EndProject
Project("{FAE04EC0-301F-11D3-BF4B-00C04F79EFBC}") = "DataLibrary", "DataLibrary\DataLibrary.csproj", "{0CC3D204-80A3-4903-81E3-2D26CD77E997}"
EndProject
Global
	GlobalSection(SolutionConfigurationPlatforms) = preSolution
		Debug|Any CPU = Debug|Any CPU
		Release|Any CPU = Release|Any CPU
	EndGlobalSection
	GlobalSection(ProjectConfigurationPlatforms) = postSolution
		{DB2E5A90-3C10-4296-8ADA-009C40FACD12}.Debug|Any CPU.ActiveCfg = Debug|Any CPU
		{DB2E5A90-3C10-4296-8ADA-009C40FACD12}.Debug|Any CPU.Build.0 = Debug|Any CPU
		{DB2E5A90-3C10-4296-8ADA-009C40FACD12}.Release|Any CPU.ActiveCfg = Release|Any CPU
		{DB2E5A90-3C10-4296-8ADA-009C40FACD12}.Release|Any CPU.Build.0 = Release|Any CPU
		{BF74CC69-1107-48ED-A9F5-29BE257655C0}.Debug|Any CPU.ActiveCfg = Debug|Any CPU
		{BF74CC69-1107-48ED-A9F5-29BE257655C0}.Debug|Any CPU.Build.0 = Debug|Any CPU
		{BF74CC69-1107-48ED-A9F5-29BE257655C0}.Release|Any CPU.ActiveCfg = Release|Any CPU
		{BF74CC69-1107-48ED-A9F5-29BE257655C0}.Release|Any CPU.Build.0 = Release|Any CPU
		{E810E35E-707E-465C-A87F-FC5EC6D4E991}.Debug|Any CPU.ActiveCfg = Debug|Any CPU
		{E810E35E-707E-465C-A87F-FC5EC6D4E991}.Debug|Any CPU.Build.0 = Debug|Any CPU
		{E810E35E-707E-465C-A87F-FC5EC6D4E991}.Release|Any CPU.ActiveCfg = Release|Any CPU
		{E810E35E-707E-465C-A87F-FC5EC6D4E991}.Release|Any CPU.Build.0 = Release|Any CPU
		{0CC3D204-80A3-4903-81E3-2D26CD77E997}.Debug|Any CPU.ActiveCfg = Debug|Any CPU
		{0CC3D204-80A3-4903-81E3-2D26CD77E997}.Debug|Any CPU.Build.0 = Debug|Any CPU
		{0CC3D204-80A3-4903-81E3-2D26CD77E997}.Release|Any CPU.ActiveCfg = Release|Any CPU
		{0CC3D204-80A3-4903-81E3-2D26CD77E997}.Release|Any CPU.Build.0 = Release|Any CPU
	EndGlobalSection
	GlobalSection(SolutionProperties) = preSolution
		HideSolutionNode = FALSE
	EndGlobalSection
	GlobalSection(ExtensibilityGlobals) = postSolution
		SolutionGuid = {6993FC9F-BF2E-4F18-B0B6-E9E8FE7E0B70}
	EndGlobalSection
EndGlobal
